
Microsoft Visual Studio Solution File, Format Version 12.00
# Visual Studio Version 17
VisualStudioVersion = 17.3.32825.248
MinimumVisualStudioVersion = 10.0.40219.1
Project("{9A19103F-16F7-4668-BE54-9A1E7A4F7556}") = "Task17", "Task17.csproj", "{29CA9E06-FA40-417A-B9E6-718845F49642}"
EndProject
Global
	GlobalSection(SolutionConfigurationPlatforms) = preSolution
		Debug|Any CPU = Debug|Any CPU
		Release|Any CPU = Release|Any CPU
	EndGlobalSection
	GlobalSection(ProjectConfigurationPlatforms) = postSolution
		{29CA9E06-FA40-417A-B9E6-718845F49642}.Debug|Any CPU.ActiveCfg = Debug|Any CPU
		{29CA9E06-FA40-417A-B9E6-718845F49642}.Debug|Any CPU.Build.0 = Debug|Any CPU
		{29CA9E06-FA40-417A-B9E6-718845F49642}.Release|Any CPU.ActiveCfg = Release|Any CPU
		{29CA9E06-FA40-417A-B9E6-718845F49642}.Release|Any CPU.Build.0 = Release|Any CPU
	EndGlobalSection
	GlobalSection(SolutionProperties) = preSolution
		HideSolutionNode = FALSE
	EndGlobalSection
	GlobalSection(ExtensibilityGlobals) = postSolution
		SolutionGuid = {02060ED4-54E6-40DE-83EC-B80836FB435E}
	EndGlobalSection
EndGlobal
