
Microsoft Visual Studio Solution File, Format Version 12.00
# Visual Studio Version 17
VisualStudioVersion = 17.3.32901.215
MinimumVisualStudioVersion = 10.0.40219.1
Project("{9A19103F-16F7-4668-BE54-9A1E7A4F7556}") = "Task42", "Task42\Task42.csproj", "{7F31985F-530E-4604-8141-62ADA8ECEE67}"
EndProject
Project("{9A19103F-16F7-4668-BE54-9A1E7A4F7556}") = "Task40", "Task40\Task40.csproj", "{B7C13796-503D-476A-A6CE-AD2A1470F807}"
EndProject
Global
	GlobalSection(SolutionConfigurationPlatforms) = preSolution
		Debug|Any CPU = Debug|Any CPU
		Release|Any CPU = Release|Any CPU
	EndGlobalSection
	GlobalSection(ProjectConfigurationPlatforms) = postSolution
		{7F31985F-530E-4604-8141-62ADA8ECEE67}.Debug|Any CPU.ActiveCfg = Debug|Any CPU
		{7F31985F-530E-4604-8141-62ADA8ECEE67}.Debug|Any CPU.Build.0 = Debug|Any CPU
		{7F31985F-530E-4604-8141-62ADA8ECEE67}.Release|Any CPU.ActiveCfg = Release|Any CPU
		{7F31985F-530E-4604-8141-62ADA8ECEE67}.Release|Any CPU.Build.0 = Release|Any CPU
		{B7C13796-503D-476A-A6CE-AD2A1470F807}.Debug|Any CPU.ActiveCfg = Debug|Any CPU
		{B7C13796-503D-476A-A6CE-AD2A1470F807}.Debug|Any CPU.Build.0 = Debug|Any CPU
		{B7C13796-503D-476A-A6CE-AD2A1470F807}.Release|Any CPU.ActiveCfg = Release|Any CPU
		{B7C13796-503D-476A-A6CE-AD2A1470F807}.Release|Any CPU.Build.0 = Release|Any CPU
	EndGlobalSection
	GlobalSection(SolutionProperties) = preSolution
		HideSolutionNode = FALSE
	EndGlobalSection
	GlobalSection(ExtensibilityGlobals) = postSolution
		SolutionGuid = {2D659A72-F121-4C9B-884D-A6DB6E6F49D4}
	EndGlobalSection
EndGlobal
