
Microsoft Visual Studio Solution File, Format Version 12.00
# Visual Studio Version 17
VisualStudioVersion = 17.3.32901.215
MinimumVisualStudioVersion = 10.0.40219.1
Project("{9A19103F-16F7-4668-BE54-9A1E7A4F7556}") = "Sem6CW", "Sem6CW\Sem6CW.csproj", "{3A758700-B5C7-4E7A-B92B-BFE3C869066D}"
EndProject
Project("{FAE04EC0-301F-11D3-BF4B-00C04F79EFBC}") = "Task42", "Task42\Task42.csproj", "{7F31985F-530E-4604-8141-62ADA8ECEE67}"
EndProject
Global
	GlobalSection(SolutionConfigurationPlatforms) = preSolution
		Debug|Any CPU = Debug|Any CPU
		Release|Any CPU = Release|Any CPU
	EndGlobalSection
	GlobalSection(ProjectConfigurationPlatforms) = postSolution
		{3A758700-B5C7-4E7A-B92B-BFE3C869066D}.Debug|Any CPU.ActiveCfg = Debug|Any CPU
		{3A758700-B5C7-4E7A-B92B-BFE3C869066D}.Debug|Any CPU.Build.0 = Debug|Any CPU
		{3A758700-B5C7-4E7A-B92B-BFE3C869066D}.Release|Any CPU.ActiveCfg = Release|Any CPU
		{3A758700-B5C7-4E7A-B92B-BFE3C869066D}.Release|Any CPU.Build.0 = Release|Any CPU
		{7F31985F-530E-4604-8141-62ADA8ECEE67}.Debug|Any CPU.ActiveCfg = Debug|Any CPU
		{7F31985F-530E-4604-8141-62ADA8ECEE67}.Debug|Any CPU.Build.0 = Debug|Any CPU
		{7F31985F-530E-4604-8141-62ADA8ECEE67}.Release|Any CPU.ActiveCfg = Release|Any CPU
		{7F31985F-530E-4604-8141-62ADA8ECEE67}.Release|Any CPU.Build.0 = Release|Any CPU
	EndGlobalSection
	GlobalSection(SolutionProperties) = preSolution
		HideSolutionNode = FALSE
	EndGlobalSection
	GlobalSection(ExtensibilityGlobals) = postSolution
		SolutionGuid = {2D659A72-F121-4C9B-884D-A6DB6E6F49D4}
	EndGlobalSection
EndGlobal
