
Microsoft Visual Studio Solution File, Format Version 12.00
# Visual Studio Version 17
VisualStudioVersion = 17.3.32825.248
MinimumVisualStudioVersion = 10.0.40219.1
Project("{9A19103F-16F7-4668-BE54-9A1E7A4F7556}") = "Task20", "Task20.csproj", "{C51A3DE8-7BFA-4F27-9FD6-B003D47A8A0F}"
EndProject
Global
	GlobalSection(SolutionConfigurationPlatforms) = preSolution
		Debug|Any CPU = Debug|Any CPU
		Release|Any CPU = Release|Any CPU
	EndGlobalSection
	GlobalSection(ProjectConfigurationPlatforms) = postSolution
		{C51A3DE8-7BFA-4F27-9FD6-B003D47A8A0F}.Debug|Any CPU.ActiveCfg = Debug|Any CPU
		{C51A3DE8-7BFA-4F27-9FD6-B003D47A8A0F}.Debug|Any CPU.Build.0 = Debug|Any CPU
		{C51A3DE8-7BFA-4F27-9FD6-B003D47A8A0F}.Release|Any CPU.ActiveCfg = Release|Any CPU
		{C51A3DE8-7BFA-4F27-9FD6-B003D47A8A0F}.Release|Any CPU.Build.0 = Release|Any CPU
	EndGlobalSection
	GlobalSection(SolutionProperties) = preSolution
		HideSolutionNode = FALSE
	EndGlobalSection
	GlobalSection(ExtensibilityGlobals) = postSolution
		SolutionGuid = {B038F013-E3DA-4FCF-8C81-672192243D86}
	EndGlobalSection
EndGlobal
