
Microsoft Visual Studio Solution File, Format Version 12.00
# Visual Studio Version 17
VisualStudioVersion = 17.3.32901.215
MinimumVisualStudioVersion = 10.0.40219.1
Project("{FAE04EC0-301F-11D3-BF4B-00C04F79EFBC}") = "Task64", "Task64\Task64.csproj", "{AAE60032-7276-4745-AA10-39FEFFA99A61}"
EndProject
Project("{FAE04EC0-301F-11D3-BF4B-00C04F79EFBC}") = "Task66", "Task66\Task66.csproj", "{C88A7576-8F0A-4F83-A221-FFCFB95765B8}"
EndProject
Project("{FAE04EC0-301F-11D3-BF4B-00C04F79EFBC}") = "Task68", "Task68\Task68.csproj", "{D19256F4-00AA-43DB-B57A-72C044283989}"
EndProject
Global
	GlobalSection(SolutionConfigurationPlatforms) = preSolution
		Debug|Any CPU = Debug|Any CPU
		Release|Any CPU = Release|Any CPU
	EndGlobalSection
	GlobalSection(ProjectConfigurationPlatforms) = postSolution
		{AAE60032-7276-4745-AA10-39FEFFA99A61}.Debug|Any CPU.ActiveCfg = Debug|Any CPU
		{AAE60032-7276-4745-AA10-39FEFFA99A61}.Debug|Any CPU.Build.0 = Debug|Any CPU
		{AAE60032-7276-4745-AA10-39FEFFA99A61}.Release|Any CPU.ActiveCfg = Release|Any CPU
		{AAE60032-7276-4745-AA10-39FEFFA99A61}.Release|Any CPU.Build.0 = Release|Any CPU
		{C88A7576-8F0A-4F83-A221-FFCFB95765B8}.Debug|Any CPU.ActiveCfg = Debug|Any CPU
		{C88A7576-8F0A-4F83-A221-FFCFB95765B8}.Debug|Any CPU.Build.0 = Debug|Any CPU
		{C88A7576-8F0A-4F83-A221-FFCFB95765B8}.Release|Any CPU.ActiveCfg = Release|Any CPU
		{C88A7576-8F0A-4F83-A221-FFCFB95765B8}.Release|Any CPU.Build.0 = Release|Any CPU
		{D19256F4-00AA-43DB-B57A-72C044283989}.Debug|Any CPU.ActiveCfg = Debug|Any CPU
		{D19256F4-00AA-43DB-B57A-72C044283989}.Debug|Any CPU.Build.0 = Debug|Any CPU
		{D19256F4-00AA-43DB-B57A-72C044283989}.Release|Any CPU.ActiveCfg = Release|Any CPU
		{D19256F4-00AA-43DB-B57A-72C044283989}.Release|Any CPU.Build.0 = Release|Any CPU
	EndGlobalSection
	GlobalSection(SolutionProperties) = preSolution
		HideSolutionNode = FALSE
	EndGlobalSection
	GlobalSection(ExtensibilityGlobals) = postSolution
		SolutionGuid = {6CFA7484-33E0-44F4-8D55-6C457EC6D2F1}
	EndGlobalSection
EndGlobal
