
Microsoft Visual Studio Solution File, Format Version 12.00
# Visual Studio Version 17
VisualStudioVersion = 17.3.32901.215
MinimumVisualStudioVersion = 10.0.40219.1
Project("{FAE04EC0-301F-11D3-BF4B-00C04F79EFBC}") = "Task54", "Task54\Task54.csproj", "{02BC3364-7C3D-4E6E-8E05-78C2593D59D3}"
EndProject
Project("{FAE04EC0-301F-11D3-BF4B-00C04F79EFBC}") = "Task56", "Task56\Task56.csproj", "{78696C4A-5F71-484D-8680-4CB43227E6EE}"
EndProject
Project("{FAE04EC0-301F-11D3-BF4B-00C04F79EFBC}") = "Task58", "Task58\Task58.csproj", "{FF695E19-27F1-4694-8129-AED8A55526D6}"
EndProject
Project("{FAE04EC0-301F-11D3-BF4B-00C04F79EFBC}") = "Task60", "Task60\Task60.csproj", "{FDD82A41-28D1-42AB-81E2-51FC1EFAE30C}"
EndProject
Project("{FAE04EC0-301F-11D3-BF4B-00C04F79EFBC}") = "Task62", "Task62\Task62.csproj", "{18DECB06-ACB9-4481-99BE-288F71CFC76D}"
EndProject
Global
	GlobalSection(SolutionConfigurationPlatforms) = preSolution
		Debug|Any CPU = Debug|Any CPU
		Release|Any CPU = Release|Any CPU
	EndGlobalSection
	GlobalSection(ProjectConfigurationPlatforms) = postSolution
		{02BC3364-7C3D-4E6E-8E05-78C2593D59D3}.Debug|Any CPU.ActiveCfg = Debug|Any CPU
		{02BC3364-7C3D-4E6E-8E05-78C2593D59D3}.Debug|Any CPU.Build.0 = Debug|Any CPU
		{02BC3364-7C3D-4E6E-8E05-78C2593D59D3}.Release|Any CPU.ActiveCfg = Release|Any CPU
		{02BC3364-7C3D-4E6E-8E05-78C2593D59D3}.Release|Any CPU.Build.0 = Release|Any CPU
		{78696C4A-5F71-484D-8680-4CB43227E6EE}.Debug|Any CPU.ActiveCfg = Debug|Any CPU
		{78696C4A-5F71-484D-8680-4CB43227E6EE}.Debug|Any CPU.Build.0 = Debug|Any CPU
		{78696C4A-5F71-484D-8680-4CB43227E6EE}.Release|Any CPU.ActiveCfg = Release|Any CPU
		{78696C4A-5F71-484D-8680-4CB43227E6EE}.Release|Any CPU.Build.0 = Release|Any CPU
		{FF695E19-27F1-4694-8129-AED8A55526D6}.Debug|Any CPU.ActiveCfg = Debug|Any CPU
		{FF695E19-27F1-4694-8129-AED8A55526D6}.Debug|Any CPU.Build.0 = Debug|Any CPU
		{FF695E19-27F1-4694-8129-AED8A55526D6}.Release|Any CPU.ActiveCfg = Release|Any CPU
		{FF695E19-27F1-4694-8129-AED8A55526D6}.Release|Any CPU.Build.0 = Release|Any CPU
		{FDD82A41-28D1-42AB-81E2-51FC1EFAE30C}.Debug|Any CPU.ActiveCfg = Debug|Any CPU
		{FDD82A41-28D1-42AB-81E2-51FC1EFAE30C}.Debug|Any CPU.Build.0 = Debug|Any CPU
		{FDD82A41-28D1-42AB-81E2-51FC1EFAE30C}.Release|Any CPU.ActiveCfg = Release|Any CPU
		{FDD82A41-28D1-42AB-81E2-51FC1EFAE30C}.Release|Any CPU.Build.0 = Release|Any CPU
		{18DECB06-ACB9-4481-99BE-288F71CFC76D}.Debug|Any CPU.ActiveCfg = Debug|Any CPU
		{18DECB06-ACB9-4481-99BE-288F71CFC76D}.Debug|Any CPU.Build.0 = Debug|Any CPU
		{18DECB06-ACB9-4481-99BE-288F71CFC76D}.Release|Any CPU.ActiveCfg = Release|Any CPU
		{18DECB06-ACB9-4481-99BE-288F71CFC76D}.Release|Any CPU.Build.0 = Release|Any CPU
	EndGlobalSection
	GlobalSection(SolutionProperties) = preSolution
		HideSolutionNode = FALSE
	EndGlobalSection
	GlobalSection(ExtensibilityGlobals) = postSolution
		SolutionGuid = {1D9635FD-15E1-48EE-A907-F27C7EFFB598}
	EndGlobalSection
EndGlobal
